
Microsoft Visual Studio Solution File, Format Version 12.00
# Visual Studio Version 16
VisualStudioVersion = 16.0.31005.135
MinimumVisualStudioVersion = 10.0.40219.1
Project("{FAE04EC0-301F-11D3-BF4B-00C04F79EFBC}") = "EFDatabaseTask", "EFDatabaseTask\EFDatabaseTask.csproj", "{55DED950-3BAB-4429-A20A-350C0ADA0EB5}"
EndProject
Project("{FAE04EC0-301F-11D3-BF4B-00C04F79EFBC}") = "Model", "Model\Model.csproj", "{0A7F9F6E-0FCF-4193-9707-F370C70BD145}"
EndProject
Global
	GlobalSection(SolutionConfigurationPlatforms) = preSolution
		Debug|Any CPU = Debug|Any CPU
		Release|Any CPU = Release|Any CPU
	EndGlobalSection
	GlobalSection(ProjectConfigurationPlatforms) = postSolution
		{55DED950-3BAB-4429-A20A-350C0ADA0EB5}.Debug|Any CPU.ActiveCfg = Debug|Any CPU
		{55DED950-3BAB-4429-A20A-350C0ADA0EB5}.Debug|Any CPU.Build.0 = Debug|Any CPU
		{55DED950-3BAB-4429-A20A-350C0ADA0EB5}.Release|Any CPU.ActiveCfg = Release|Any CPU
		{55DED950-3BAB-4429-A20A-350C0ADA0EB5}.Release|Any CPU.Build.0 = Release|Any CPU
		{0A7F9F6E-0FCF-4193-9707-F370C70BD145}.Debug|Any CPU.ActiveCfg = Debug|Any CPU
		{0A7F9F6E-0FCF-4193-9707-F370C70BD145}.Debug|Any CPU.Build.0 = Debug|Any CPU
		{0A7F9F6E-0FCF-4193-9707-F370C70BD145}.Release|Any CPU.ActiveCfg = Release|Any CPU
		{0A7F9F6E-0FCF-4193-9707-F370C70BD145}.Release|Any CPU.Build.0 = Release|Any CPU
	EndGlobalSection
	GlobalSection(SolutionProperties) = preSolution
		HideSolutionNode = FALSE
	EndGlobalSection
	GlobalSection(ExtensibilityGlobals) = postSolution
		SolutionGuid = {A6623E67-7091-475F-9889-1C3CCB17325B}
	EndGlobalSection
EndGlobal
